// !$*UTF8*$!
{
	archiveVersion = 1;
	classes = {
	};
	objectVersion = 56;
	objects = {

/* Begin PBXBuildFile section */
		24BE5D462C65B2E900290DFC /* ShipDatingApp.swift in Sources */ = {isa = PBXBuildFile; fileRef = 24BE5D452C65B2E900290DFC /* ShipDatingApp.swift */; };
		24BE5D482C65B2E900290DFC /* ContentView.swift in Sources */ = {isa = PBXBuildFile; fileRef = 24BE5D472C65B2E900290DFC /* ContentView.swift */; };
		24BE5D4A2C65B2EA00290DFC /* Assets.xcassets in Resources */ = {isa = PBXBuildFile; fileRef = 24BE5D492C65B2EA00290DFC /* Assets.xcassets */; };
		24BE5D4D2C65B2EA00290DFC /* Preview Assets.xcassets in Resources */ = {isa = PBXBuildFile; fileRef = 24BE5D4C2C65B2EA00290DFC /* Preview Assets.xcassets */; };
		24BE5D572C65B2EA00290DFC /* ShipDatingTests.swift in Sources */ = {isa = PBXBuildFile; fileRef = 24BE5D562C65B2EA00290DFC /* ShipDatingTests.swift */; };
		24BE5D612C65B2EA00290DFC /* ShipDatingUITests.swift in Sources */ = {isa = PBXBuildFile; fileRef = 24BE5D602C65B2EA00290DFC /* ShipDatingUITests.swift */; };
		24BE5D632C65B2EA00290DFC /* ShipDatingUITestsLaunchTests.swift in Sources */ = {isa = PBXBuildFile; fileRef = 24BE5D622C65B2EA00290DFC /* ShipDatingUITestsLaunchTests.swift */; };
		24BE5D712C65BAE000290DFC /* FirebaseAnalytics in Frameworks */ = {isa = PBXBuildFile; productRef = 24BE5D702C65BAE000290DFC /* FirebaseAnalytics */; };
		24BE5D732C65BAE000290DFC /* FirebaseAuth in Frameworks */ = {isa = PBXBuildFile; productRef = 24BE5D722C65BAE000290DFC /* FirebaseAuth */; };
/* End PBXBuildFile section */

/* Begin PBXContainerItemProxy section */
		24BE5D532C65B2EA00290DFC /* PBXContainerItemProxy */ = {
			isa = PBXContainerItemProxy;
			containerPortal = 24BE5D3A2C65B2E900290DFC /* Project object */;
			proxyType = 1;
			remoteGlobalIDString = 24BE5D412C65B2E900290DFC;
			remoteInfo = ShipDating;
		};
		24BE5D5D2C65B2EA00290DFC /* PBXContainerItemProxy */ = {
			isa = PBXContainerItemProxy;
			containerPortal = 24BE5D3A2C65B2E900290DFC /* Project object */;
			proxyType = 1;
			remoteGlobalIDString = 24BE5D412C65B2E900290DFC;
			remoteInfo = ShipDating;
		};
/* End PBXContainerItemProxy section */

/* Begin PBXFileReference section */
		24BE5D422C65B2E900290DFC /* ShipDating.app */ = {isa = PBXFileReference; explicitFileType = wrapper.application; includeInIndex = 0; path = ShipDating.app; sourceTree = BUILT_PRODUCTS_DIR; };
		24BE5D452C65B2E900290DFC /* ShipDatingApp.swift */ = {isa = PBXFileReference; lastKnownFileType = sourcecode.swift; path = ShipDatingApp.swift; sourceTree = "<group>"; };
		24BE5D472C65B2E900290DFC /* ContentView.swift */ = {isa = PBXFileReference; lastKnownFileType = sourcecode.swift; path = ContentView.swift; sourceTree = "<group>"; };
		24BE5D492C65B2EA00290DFC /* Assets.xcassets */ = {isa = PBXFileReference; lastKnownFileType = folder.assetcatalog; path = Assets.xcassets; sourceTree = "<group>"; };
		24BE5D4C2C65B2EA00290DFC /* Preview Assets.xcassets */ = {isa = PBXFileReference; lastKnownFileType = folder.assetcatalog; path = "Preview Assets.xcassets"; sourceTree = "<group>"; };
		24BE5D522C65B2EA00290DFC /* ShipDatingTests.xctest */ = {isa = PBXFileReference; explicitFileType = wrapper.cfbundle; includeInIndex = 0; path = ShipDatingTests.xctest; sourceTree = BUILT_PRODUCTS_DIR; };
		24BE5D562C65B2EA00290DFC /* ShipDatingTests.swift */ = {isa = PBXFileReference; lastKnownFileType = sourcecode.swift; path = ShipDatingTests.swift; sourceTree = "<group>"; };
		24BE5D5C2C65B2EA00290DFC /* ShipDatingUITests.xctest */ = {isa = PBXFileReference; explicitFileType = wrapper.cfbundle; includeInIndex = 0; path = ShipDatingUITests.xctest; sourceTree = BUILT_PRODUCTS_DIR; };
		24BE5D602C65B2EA00290DFC /* ShipDatingUITests.swift */ = {isa = PBXFileReference; lastKnownFileType = sourcecode.swift; path = ShipDatingUITests.swift; sourceTree = "<group>"; };
		24BE5D622C65B2EA00290DFC /* ShipDatingUITestsLaunchTests.swift */ = {isa = PBXFileReference; lastKnownFileType = sourcecode.swift; path = ShipDatingUITestsLaunchTests.swift; sourceTree = "<group>"; };
/* End PBXFileReference section */

/* Begin PBXFrameworksBuildPhase section */
		24BE5D3F2C65B2E900290DFC /* Frameworks */ = {
			isa = PBXFrameworksBuildPhase;
			buildActionMask = 2147483647;
			files = (
				24BE5D712C65BAE000290DFC /* FirebaseAnalytics in Frameworks */,
				24BE5D732C65BAE000290DFC /* FirebaseAuth in Frameworks */,
			);
			runOnlyForDeploymentPostprocessing = 0;
		};
		24BE5D4F2C65B2EA00290DFC /* Frameworks */ = {
			isa = PBXFrameworksBuildPhase;
			buildActionMask = 2147483647;
			files = (
			);
			runOnlyForDeploymentPostprocessing = 0;
		};
		24BE5D592C65B2EA00290DFC /* Frameworks */ = {
			isa = PBXFrameworksBuildPhase;
			buildActionMask = 2147483647;
			files = (
			);
			runOnlyForDeploymentPostprocessing = 0;
		};
/* End PBXFrameworksBuildPhase section */

/* Begin PBXGroup section */
		24BE5D392C65B2E900290DFC = {
			isa = PBXGroup;
			children = (
				24BE5D442C65B2E900290DFC /* ShipDating */,
				24BE5D552C65B2EA00290DFC /* ShipDatingTests */,
				24BE5D5F2C65B2EA00290DFC /* ShipDatingUITests */,
				24BE5D432C65B2E900290DFC /* Products */,
			);
			sourceTree = "<group>";
		};
		24BE5D432C65B2E900290DFC /* Products */ = {
			isa = PBXGroup;
			children = (
				24BE5D422C65B2E900290DFC /* ShipDating.app */,
				24BE5D522C65B2EA00290DFC /* ShipDatingTests.xctest */,
				24BE5D5C2C65B2EA00290DFC /* ShipDatingUITests.xctest */,
			);
			name = Products;
			sourceTree = "<group>";
		};
		24BE5D442C65B2E900290DFC /* ShipDating */ = {
			isa = PBXGroup;
			children = (
				24BE5D452C65B2E900290DFC /* ShipDatingApp.swift */,
				24BE5D472C65B2E900290DFC /* ContentView.swift */,
				24BE5D492C65B2EA00290DFC /* Assets.xcassets */,
				24BE5D4B2C65B2EA00290DFC /* Preview Content */,
			);
			path = ShipDating;
			sourceTree = "<group>";
		};
		24BE5D4B2C65B2EA00290DFC /* Preview Content */ = {
			isa = PBXGroup;
			children = (
				24BE5D4C2C65B2EA00290DFC /* Preview Assets.xcassets */,
			);
			path = "Preview Content";
			sourceTree = "<group>";
		};
		24BE5D552C65B2EA00290DFC /* ShipDatingTests */ = {
			isa = PBXGroup;
			children = (
				24BE5D562C65B2EA00290DFC /* ShipDatingTests.swift */,
			);
			path = ShipDatingTests;
			sourceTree = "<group>";
		};
		24BE5D5F2C65B2EA00290DFC /* ShipDatingUITests */ = {
			isa = PBXGroup;
			children = (
				24BE5D602C65B2EA00290DFC /* ShipDatingUITests.swift */,
				24BE5D622C65B2EA00290DFC /* ShipDatingUITestsLaunchTests.swift */,
			);
			path = ShipDatingUITests;
			sourceTree = "<group>";
		};
/* End PBXGroup section */

/* Begin PBXNativeTarget section */
		24BE5D412C65B2E900290DFC /* ShipDating */ = {
			isa = PBXNativeTarget;
			buildConfigurationList = 24BE5D662C65B2EA00290DFC /* Build configuration list for PBXNativeTarget "ShipDating" */;
			buildPhases = (
				24BE5D3E2C65B2E900290DFC /* Sources */,
				24BE5D3F2C65B2E900290DFC /* Frameworks */,
				24BE5D402C65B2E900290DFC /* Resources */,
			);
			buildRules = (
			);
			dependencies = (
			);
			name = ShipDating;
			packageProductDependencies = (
				24BE5D702C65BAE000290DFC /* FirebaseAnalytics */,
				24BE5D722C65BAE000290DFC /* FirebaseAuth */,
			);
			productName = ShipDating;
			productReference = 24BE5D422C65B2E900290DFC /* ShipDating.app */;
			productType = "com.apple.product-type.application";
		};
		24BE5D512C65B2EA00290DFC /* ShipDatingTests */ = {
			isa = PBXNativeTarget;
			buildConfigurationList = 24BE5D692C65B2EA00290DFC /* Build configuration list for PBXNativeTarget "ShipDatingTests" */;
			buildPhases = (
				24BE5D4E2C65B2EA00290DFC /* Sources */,
				24BE5D4F2C65B2EA00290DFC /* Frameworks */,
				24BE5D502C65B2EA00290DFC /* Resources */,
			);
			buildRules = (
			);
			dependencies = (
				24BE5D542C65B2EA00290DFC /* PBXTargetDependency */,
			);
			name = ShipDatingTests;
			productName = ShipDatingTests;
			productReference = 24BE5D522C65B2EA00290DFC /* ShipDatingTests.xctest */;
			productType = "com.apple.product-type.bundle.unit-test";
		};
		24BE5D5B2C65B2EA00290DFC /* ShipDatingUITests */ = {
			isa = PBXNativeTarget;
			buildConfigurationList = 24BE5D6C2C65B2EA00290DFC /* Build configuration list for PBXNativeTarget "ShipDatingUITests" */;
			buildPhases = (
				24BE5D582C65B2EA00290DFC /* Sources */,
				24BE5D592C65B2EA00290DFC /* Frameworks */,
				24BE5D5A2C65B2EA00290DFC /* Resources */,
			);
			buildRules = (
			);
			dependencies = (
				24BE5D5E2C65B2EA00290DFC /* PBXTargetDependency */,
			);
			name = ShipDatingUITests;
			productName = ShipDatingUITests;
			productReference = 24BE5D5C2C65B2EA00290DFC /* ShipDatingUITests.xctest */;
			productType = "com.apple.product-type.bundle.ui-testing";
		};
/* End PBXNativeTarget section */

/* Begin PBXProject section */
		24BE5D3A2C65B2E900290DFC /* Project object */ = {
			isa = PBXProject;
			attributes = {
				BuildIndependentTargetsInParallel = 1;
				LastSwiftUpdateCheck = 1530;
				LastUpgradeCheck = 1530;
				TargetAttributes = {
					24BE5D412C65B2E900290DFC = {
						CreatedOnToolsVersion = 15.3;
					};
					24BE5D512C65B2EA00290DFC = {
						CreatedOnToolsVersion = 15.3;
						TestTargetID = 24BE5D412C65B2E900290DFC;
					};
					24BE5D5B2C65B2EA00290DFC = {
						CreatedOnToolsVersion = 15.3;
						TestTargetID = 24BE5D412C65B2E900290DFC;
					};
				};
			};
			buildConfigurationList = 24BE5D3D2C65B2E900290DFC /* Build configuration list for PBXProject "ShipDating" */;
			compatibilityVersion = "Xcode 14.0";
			developmentRegion = en;
			hasScannedForEncodings = 0;
			knownRegions = (
				en,
				Base,
			);
			mainGroup = 24BE5D392C65B2E900290DFC;
			packageReferences = (
				24BE5D6F2C65BAE000290DFC /* XCRemoteSwiftPackageReference "firebase-ios-sdk" */,
			);
			productRefGroup = 24BE5D432C65B2E900290DFC /* Products */;
			projectDirPath = "";
			projectRoot = "";
			targets = (
				24BE5D412C65B2E900290DFC /* ShipDating */,
				24BE5D512C65B2EA00290DFC /* ShipDatingTests */,
				24BE5D5B2C65B2EA00290DFC /* ShipDatingUITests */,
			);
		};
/* End PBXProject section */

/* Begin PBXResourcesBuildPhase section */
		24BE5D402C65B2E900290DFC /* Resources */ = {
			isa = PBXResourcesBuildPhase;
			buildActionMask = 2147483647;
			files = (
				24BE5D4D2C65B2EA00290DFC /* Preview Assets.xcassets in Resources */,
				24BE5D4A2C65B2EA00290DFC /* Assets.xcassets in Resources */,
			);
			runOnlyForDeploymentPostprocessing = 0;
		};
		24BE5D502C65B2EA00290DFC /* Resources */ = {
			isa = PBXResourcesBuildPhase;
			buildActionMask = 2147483647;
			files = (
			);
			runOnlyForDeploymentPostprocessing = 0;
		};
		24BE5D5A2C65B2EA00290DFC /* Resources */ = {
			isa = PBXResourcesBuildPhase;
			buildActionMask = 2147483647;
			files = (
			);
			runOnlyForDeploymentPostprocessing = 0;
		};
/* End PBXResourcesBuildPhase section */

/* Begin PBXSourcesBuildPhase section */
		24BE5D3E2C65B2E900290DFC /* Sources */ = {
			isa = PBXSourcesBuildPhase;
			buildActionMask = 2147483647;
			files = (
				24BE5D482C65B2E900290DFC /* ContentView.swift in Sources */,
				24BE5D462C65B2E900290DFC /* ShipDatingApp.swift in Sources */,
			);
			runOnlyForDeploymentPostprocessing = 0;
		};
		24BE5D4E2C65B2EA00290DFC /* Sources */ = {
			isa = PBXSourcesBuildPhase;
			buildActionMask = 2147483647;
			files = (
				24BE5D572C65B2EA00290DFC /* ShipDatingTests.swift in Sources */,
			);
			runOnlyForDeploymentPostprocessing = 0;
		};
		24BE5D582C65B2EA00290DFC /* Sources */ = {
			isa = PBXSourcesBuildPhase;
			buildActionMask = 2147483647;
			files = (
				24BE5D612C65B2EA00290DFC /* ShipDatingUITests.swift in Sources */,
				24BE5D632C65B2EA00290DFC /* ShipDatingUITestsLaunchTests.swift in Sources */,
			);
			runOnlyForDeploymentPostprocessing = 0;
		};
/* End PBXSourcesBuildPhase section */

/* Begin PBXTargetDependency section */
		24BE5D542C65B2EA00290DFC /* PBXTargetDependency */ = {
			isa = PBXTargetDependency;
			target = 24BE5D412C65B2E900290DFC /* ShipDating */;
			targetProxy = 24BE5D532C65B2EA00290DFC /* PBXContainerItemProxy */;
		};
		24BE5D5E2C65B2EA00290DFC /* PBXTargetDependency */ = {
			isa = PBXTargetDependency;
			target = 24BE5D412C65B2E900290DFC /* ShipDating */;
			targetProxy = 24BE5D5D2C65B2EA00290DFC /* PBXContainerItemProxy */;
		};
/* End PBXTargetDependency section */

/* Begin XCBuildConfiguration section */
		24BE5D642C65B2EA00290DFC /* Debug */ = {
			isa = XCBuildConfiguration;
			buildSettings = {
				ALWAYS_SEARCH_USER_PATHS = NO;
				ASSETCATALOG_COMPILER_GENERATE_SWIFT_ASSET_SYMBOL_EXTENSIONS = YES;
				CLANG_ANALYZER_NONNULL = YES;
				CLANG_ANALYZER_NUMBER_OBJECT_CONVERSION = YES_AGGRESSIVE;
				CLANG_CXX_LANGUAGE_STANDARD = "gnu++20";
				CLANG_ENABLE_MODULES = YES;
				CLANG_ENABLE_OBJC_ARC = YES;
				CLANG_ENABLE_OBJC_WEAK = YES;
				CLANG_WARN_BLOCK_CAPTURE_AUTORELEASING = YES;
				CLANG_WARN_BOOL_CONVERSION = YES;
				CLANG_WARN_COMMA = YES;
				CLANG_WARN_CONSTANT_CONVERSION = YES;
				CLANG_WARN_DEPRECATED_OBJC_IMPLEMENTATIONS = YES;
				CLANG_WARN_DIRECT_OBJC_ISA_USAGE = YES_ERROR;
				CLANG_WARN_DOCUMENTATION_COMMENTS = YES;
				CLANG_WARN_EMPTY_BODY = YES;
				CLANG_WARN_ENUM_CONVERSION = YES;
				CLANG_WARN_INFINITE_RECURSION = YES;
				CLANG_WARN_INT_CONVERSION = YES;
				CLANG_WARN_NON_LITERAL_NULL_CONVERSION = YES;
				CLANG_WARN_OBJC_IMPLICIT_RETAIN_SELF = YES;
				CLANG_WARN_OBJC_LITERAL_CONVERSION = YES;
				CLANG_WARN_OBJC_ROOT_CLASS = YES_ERROR;
				CLANG_WARN_QUOTED_INCLUDE_IN_FRAMEWORK_HEADER = YES;
				CLANG_WARN_RANGE_LOOP_ANALYSIS = YES;
				CLANG_WARN_STRICT_PROTOTYPES = YES;
				CLANG_WARN_SUSPICIOUS_MOVE = YES;
				CLANG_WARN_UNGUARDED_AVAILABILITY = YES_AGGRESSIVE;
				CLANG_WARN_UNREACHABLE_CODE = YES;
				CLANG_WARN__DUPLICATE_METHOD_MATCH = YES;
				COPY_PHASE_STRIP = NO;
				DEBUG_INFORMATION_FORMAT = dwarf;
				ENABLE_STRICT_OBJC_MSGSEND = YES;
				ENABLE_TESTABILITY = YES;
				ENABLE_USER_SCRIPT_SANDBOXING = YES;
				GCC_C_LANGUAGE_STANDARD = gnu17;
				GCC_DYNAMIC_NO_PIC = NO;
				GCC_NO_COMMON_BLOCKS = YES;
				GCC_OPTIMIZATION_LEVEL = 0;
				GCC_PREPROCESSOR_DEFINITIONS = (
					"DEBUG=1",
					"$(inherited)",
				);
				GCC_WARN_64_TO_32_BIT_CONVERSION = YES;
				GCC_WARN_ABOUT_RETURN_TYPE = YES_ERROR;
				GCC_WARN_UNDECLARED_SELECTOR = YES;
				GCC_WARN_UNINITIALIZED_AUTOS = YES_AGGRESSIVE;
				GCC_WARN_UNUSED_FUNCTION = YES;
				GCC_WARN_UNUSED_VARIABLE = YES;
				IPHONEOS_DEPLOYMENT_TARGET = 17.4;
				LOCALIZATION_PREFERS_STRING_CATALOGS = YES;
				MTL_ENABLE_DEBUG_INFO = INCLUDE_SOURCE;
				MTL_FAST_MATH = YES;
				ONLY_ACTIVE_ARCH = YES;
				SDKROOT = iphoneos;
				SWIFT_ACTIVE_COMPILATION_CONDITIONS = "DEBUG $(inherited)";
				SWIFT_OPTIMIZATION_LEVEL = "-Onone";
			};
			name = Debug;
		};
		24BE5D652C65B2EA00290DFC /* Release */ = {
			isa = XCBuildConfiguration;
			buildSettings = {
				ALWAYS_SEARCH_USER_PATHS = NO;
				ASSETCATALOG_COMPILER_GENERATE_SWIFT_ASSET_SYMBOL_EXTENSIONS = YES;
				CLANG_ANALYZER_NONNULL = YES;
				CLANG_ANALYZER_NUMBER_OBJECT_CONVERSION = YES_AGGRESSIVE;
				CLANG_CXX_LANGUAGE_STANDARD = "gnu++20";
				CLANG_ENABLE_MODULES = YES;
				CLANG_ENABLE_OBJC_ARC = YES;
				CLANG_ENABLE_OBJC_WEAK = YES;
				CLANG_WARN_BLOCK_CAPTURE_AUTORELEASING = YES;
				CLANG_WARN_BOOL_CONVERSION = YES;
				CLANG_WARN_COMMA = YES;
				CLANG_WARN_CONSTANT_CONVERSION = YES;
				CLANG_WARN_DEPRECATED_OBJC_IMPLEMENTATIONS = YES;
				CLANG_WARN_DIRECT_OBJC_ISA_USAGE = YES_ERROR;
				CLANG_WARN_DOCUMENTATION_COMMENTS = YES;
				CLANG_WARN_EMPTY_BODY = YES;
				CLANG_WARN_ENUM_CONVERSION = YES;
				CLANG_WARN_INFINITE_RECURSION = YES;
				CLANG_WARN_INT_CONVERSION = YES;
				CLANG_WARN_NON_LITERAL_NULL_CONVERSION = YES;
				CLANG_WARN_OBJC_IMPLICIT_RETAIN_SELF = YES;
				CLANG_WARN_OBJC_LITERAL_CONVERSION = YES;
				CLANG_WARN_OBJC_ROOT_CLASS = YES_ERROR;
				CLANG_WARN_QUOTED_INCLUDE_IN_FRAMEWORK_HEADER = YES;
				CLANG_WARN_RANGE_LOOP_ANALYSIS = YES;
				CLANG_WARN_STRICT_PROTOTYPES = YES;
				CLANG_WARN_SUSPICIOUS_MOVE = YES;
				CLANG_WARN_UNGUARDED_AVAILABILITY = YES_AGGRESSIVE;
				CLANG_WARN_UNREACHABLE_CODE = YES;
				CLANG_WARN__DUPLICATE_METHOD_MATCH = YES;
				COPY_PHASE_STRIP = NO;
				DEBUG_INFORMATION_FORMAT = "dwarf-with-dsym";
				ENABLE_NS_ASSERTIONS = NO;
				ENABLE_STRICT_OBJC_MSGSEND = YES;
				ENABLE_USER_SCRIPT_SANDBOXING = YES;
				GCC_C_LANGUAGE_STANDARD = gnu17;
				GCC_NO_COMMON_BLOCKS = YES;
				GCC_WARN_64_TO_32_BIT_CONVERSION = YES;
				GCC_WARN_ABOUT_RETURN_TYPE = YES_ERROR;
				GCC_WARN_UNDECLARED_SELECTOR = YES;
				GCC_WARN_UNINITIALIZED_AUTOS = YES_AGGRESSIVE;
				GCC_WARN_UNUSED_FUNCTION = YES;
				GCC_WARN_UNUSED_VARIABLE = YES;
				IPHONEOS_DEPLOYMENT_TARGET = 17.4;
				LOCALIZATION_PREFERS_STRING_CATALOGS = YES;
				MTL_ENABLE_DEBUG_INFO = NO;
				MTL_FAST_MATH = YES;
				SDKROOT = iphoneos;
				SWIFT_COMPILATION_MODE = wholemodule;
				VALIDATE_PRODUCT = YES;
			};
			name = Release;
		};
		24BE5D672C65B2EA00290DFC /* Debug */ = {
			isa = XCBuildConfiguration;
			buildSettings = {
				ASSETCATALOG_COMPILER_APPICON_NAME = AppIcon;
				ASSETCATALOG_COMPILER_GLOBAL_ACCENT_COLOR_NAME = AccentColor;
				CODE_SIGN_STYLE = Automatic;
				CURRENT_PROJECT_VERSION = 1;
				DEVELOPMENT_ASSET_PATHS = "\"ShipDating/Preview Content\"";
				ENABLE_PREVIEWS = YES;
				GENERATE_INFOPLIST_FILE = YES;
				INFOPLIST_KEY_UIApplicationSceneManifest_Generation = YES;
				INFOPLIST_KEY_UIApplicationSupportsIndirectInputEvents = YES;
				INFOPLIST_KEY_UILaunchScreen_Generation = YES;
				INFOPLIST_KEY_UISupportedInterfaceOrientations_iPad = "UIInterfaceOrientationPortrait UIInterfaceOrientationPortraitUpsideDown UIInterfaceOrientationLandscapeLeft UIInterfaceOrientationLandscapeRight";
				INFOPLIST_KEY_UISupportedInterfaceOrientations_iPhone = "UIInterfaceOrientationPortrait UIInterfaceOrientationLandscapeLeft UIInterfaceOrientationLandscapeRight";
				LD_RUNPATH_SEARCH_PATHS = (
					"$(inherited)",
					"@executable_path/Frameworks",
				);
				MARKETING_VERSION = 1.0;
				PRODUCT_BUNDLE_IDENTIFIER = com.shipdatingapp.ShipDating;
				PRODUCT_NAME = "$(TARGET_NAME)";
				SWIFT_EMIT_LOC_STRINGS = YES;
				SWIFT_VERSION = 5.0;
				TARGETED_DEVICE_FAMILY = "1,2";
			};
			name = Debug;
		};
		24BE5D682C65B2EA00290DFC /* Release */ = {
			isa = XCBuildConfiguration;
			buildSettings = {
				ASSETCATALOG_COMPILER_APPICON_NAME = AppIcon;
				ASSETCATALOG_COMPILER_GLOBAL_ACCENT_COLOR_NAME = AccentColor;
				CODE_SIGN_STYLE = Automatic;
				CURRENT_PROJECT_VERSION = 1;
				DEVELOPMENT_ASSET_PATHS = "\"ShipDating/Preview Content\"";
				ENABLE_PREVIEWS = YES;
				GENERATE_INFOPLIST_FILE = YES;
				INFOPLIST_KEY_UIApplicationSceneManifest_Generation = YES;
				INFOPLIST_KEY_UIApplicationSupportsIndirectInputEvents = YES;
				INFOPLIST_KEY_UILaunchScreen_Generation = YES;
				INFOPLIST_KEY_UISupportedInterfaceOrientations_iPad = "UIInterfaceOrientationPortrait UIInterfaceOrientationPortraitUpsideDown UIInterfaceOrientationLandscapeLeft UIInterfaceOrientationLandscapeRight";
				INFOPLIST_KEY_UISupportedInterfaceOrientations_iPhone = "UIInterfaceOrientationPortrait UIInterfaceOrientationLandscapeLeft UIInterfaceOrientationLandscapeRight";
				LD_RUNPATH_SEARCH_PATHS = (
					"$(inherited)",
					"@executable_path/Frameworks",
				);
				MARKETING_VERSION = 1.0;
				PRODUCT_BUNDLE_IDENTIFIER = com.shipdatingapp.ShipDating;
				PRODUCT_NAME = "$(TARGET_NAME)";
				SWIFT_EMIT_LOC_STRINGS = YES;
				SWIFT_VERSION = 5.0;
				TARGETED_DEVICE_FAMILY = "1,2";
			};
			name = Release;
		};
		24BE5D6A2C65B2EA00290DFC /* Debug */ = {
			isa = XCBuildConfiguration;
			buildSettings = {
				ALWAYS_EMBED_SWIFT_STANDARD_LIBRARIES = YES;
				BUNDLE_LOADER = "$(TEST_HOST)";
				CODE_SIGN_STYLE = Automatic;
				CURRENT_PROJECT_VERSION = 1;
				GENERATE_INFOPLIST_FILE = YES;
				IPHONEOS_DEPLOYMENT_TARGET = 17.4;
				MARKETING_VERSION = 1.0;
				PRODUCT_BUNDLE_IDENTIFIER = com.shipdatingapp.ShipDatingTests;
				PRODUCT_NAME = "$(TARGET_NAME)";
				SWIFT_EMIT_LOC_STRINGS = NO;
				SWIFT_VERSION = 5.0;
				TARGETED_DEVICE_FAMILY = "1,2";
				TEST_HOST = "$(BUILT_PRODUCTS_DIR)/ShipDating.app/$(BUNDLE_EXECUTABLE_FOLDER_PATH)/ShipDating";
			};
			name = Debug;
		};
		24BE5D6B2C65B2EA00290DFC /* Release */ = {
			isa = XCBuildConfiguration;
			buildSettings = {
				ALWAYS_EMBED_SWIFT_STANDARD_LIBRARIES = YES;
				BUNDLE_LOADER = "$(TEST_HOST)";
				CODE_SIGN_STYLE = Automatic;
				CURRENT_PROJECT_VERSION = 1;
				GENERATE_INFOPLIST_FILE = YES;
				IPHONEOS_DEPLOYMENT_TARGET = 17.4;
				MARKETING_VERSION = 1.0;
				PRODUCT_BUNDLE_IDENTIFIER = com.shipdatingapp.ShipDatingTests;
				PRODUCT_NAME = "$(TARGET_NAME)";
				SWIFT_EMIT_LOC_STRINGS = NO;
				SWIFT_VERSION = 5.0;
				TARGETED_DEVICE_FAMILY = "1,2";
				TEST_HOST = "$(BUILT_PRODUCTS_DIR)/ShipDating.app/$(BUNDLE_EXECUTABLE_FOLDER_PATH)/ShipDating";
			};
			name = Release;
		};
		24BE5D6D2C65B2EA00290DFC /* Debug */ = {
			isa = XCBuildConfiguration;
			buildSettings = {
				ALWAYS_EMBED_SWIFT_STANDARD_LIBRARIES = YES;
				CODE_SIGN_STYLE = Automatic;
				CURRENT_PROJECT_VERSION = 1;
				GENERATE_INFOPLIST_FILE = YES;
				MARKETING_VERSION = 1.0;
				PRODUCT_BUNDLE_IDENTIFIER = com.shipdatingapp.ShipDatingUITests;
				PRODUCT_NAME = "$(TARGET_NAME)";
				SWIFT_EMIT_LOC_STRINGS = NO;
				SWIFT_VERSION = 5.0;
				TARGETED_DEVICE_FAMILY = "1,2";
				TEST_TARGET_NAME = ShipDating;
			};
			name = Debug;
		};
		24BE5D6E2C65B2EA00290DFC /* Release */ = {
			isa = XCBuildConfiguration;
			buildSettings = {
				ALWAYS_EMBED_SWIFT_STANDARD_LIBRARIES = YES;
				CODE_SIGN_STYLE = Automatic;
				CURRENT_PROJECT_VERSION = 1;
				GENERATE_INFOPLIST_FILE = YES;
				MARKETING_VERSION = 1.0;
				PRODUCT_BUNDLE_IDENTIFIER = com.shipdatingapp.ShipDatingUITests;
				PRODUCT_NAME = "$(TARGET_NAME)";
				SWIFT_EMIT_LOC_STRINGS = NO;
				SWIFT_VERSION = 5.0;
				TARGETED_DEVICE_FAMILY = "1,2";
				TEST_TARGET_NAME = ShipDating;
			};
			name = Release;
		};
/* End XCBuildConfiguration section */

/* Begin XCConfigurationList section */
		24BE5D3D2C65B2E900290DFC /* Build configuration list for PBXProject "ShipDating" */ = {
			isa = XCConfigurationList;
			buildConfigurations = (
				24BE5D642C65B2EA00290DFC /* Debug */,
				24BE5D652C65B2EA00290DFC /* Release */,
			);
			defaultConfigurationIsVisible = 0;
			defaultConfigurationName = Release;
		};
		24BE5D662C65B2EA00290DFC /* Build configuration list for PBXNativeTarget "ShipDating" */ = {
			isa = XCConfigurationList;
			buildConfigurations = (
				24BE5D672C65B2EA00290DFC /* Debug */,
				24BE5D682C65B2EA00290DFC /* Release */,
			);
			defaultConfigurationIsVisible = 0;
			defaultConfigurationName = Release;
		};
		24BE5D692C65B2EA00290DFC /* Build configuration list for PBXNativeTarget "ShipDatingTests" */ = {
			isa = XCConfigurationList;
			buildConfigurations = (
				24BE5D6A2C65B2EA00290DFC /* Debug */,
				24BE5D6B2C65B2EA00290DFC /* Release */,
			);
			defaultConfigurationIsVisible = 0;
			defaultConfigurationName = Release;
		};
		24BE5D6C2C65B2EA00290DFC /* Build configuration list for PBXNativeTarget "ShipDatingUITests" */ = {
			isa = XCConfigurationList;
			buildConfigurations = (
				24BE5D6D2C65B2EA00290DFC /* Debug */,
				24BE5D6E2C65B2EA00290DFC /* Release */,
			);
			defaultConfigurationIsVisible = 0;
			defaultConfigurationName = Release;
		};
/* End XCConfigurationList section */

/* Begin XCRemoteSwiftPackageReference section */
		24BE5D6F2C65BAE000290DFC /* XCRemoteSwiftPackageReference "firebase-ios-sdk" */ = {
			isa = XCRemoteSwiftPackageReference;
			repositoryURL = "https://github.com/firebase/firebase-ios-sdk";
			requirement = {
				kind = upToNextMajorVersion;
				minimumVersion = 11.0.0;
			};
		};
/* End XCRemoteSwiftPackageReference section */

/* Begin XCSwiftPackageProductDependency section */
		24BE5D702C65BAE000290DFC /* FirebaseAnalytics */ = {
			isa = XCSwiftPackageProductDependency;
			package = 24BE5D6F2C65BAE000290DFC /* XCRemoteSwiftPackageReference "firebase-ios-sdk" */;
			productName = FirebaseAnalytics;
		};
		24BE5D722C65BAE000290DFC /* FirebaseAuth */ = {
			isa = XCSwiftPackageProductDependency;
			package = 24BE5D6F2C65BAE000290DFC /* XCRemoteSwiftPackageReference "firebase-ios-sdk" */;
			productName = FirebaseAuth;
		};
/* End XCSwiftPackageProductDependency section */
	};
	rootObject = 24BE5D3A2C65B2E900290DFC /* Project object */;
}
